// !$*UTF8*$!
{
	archiveVersion = 1;
	classes = {
	};
	objectVersion = 77;
	objects = {

/* Begin PBXBuildFile section */
		CA02C2302EB27E91008ECEE2 /* FirebaseMessaging in Frameworks */ = {isa = PBXBuildFile; productRef = CA02C22F2EB27E91008ECEE2 /* FirebaseMessaging */; };
		CA984C042EB11A4600582400 /* GoogleSignIn in Frameworks */ = {isa = PBXBuildFile; productRef = CA984C032EB11A4600582400 /* GoogleSignIn */; };
		CA984C062EB11A4600582400 /* GoogleSignInSwift in Frameworks */ = {isa = PBXBuildFile; productRef = CA984C052EB11A4600582400 /* GoogleSignInSwift */; };
		CA984C0A2EB11CAC00582400 /* FirebaseAnalytics in Frameworks */ = {isa = PBXBuildFile; productRef = CA984C092EB11CAC00582400 /* FirebaseAnalytics */; };
		CA984C0C2EB11CAC00582400 /* FirebaseAuth in Frameworks */ = {isa = PBXBuildFile; productRef = CA984C0B2EB11CAC00582400 /* FirebaseAuth */; };
		CA984C0E2EB11CAC00582400 /* FirebaseCore in Frameworks */ = {isa = PBXBuildFile; productRef = CA984C0D2EB11CAC00582400 /* FirebaseCore */; };
		CA984C102EB11CAC00582400 /* FirebaseFirestore in Frameworks */ = {isa = PBXBuildFile; productRef = CA984C0F2EB11CAC00582400 /* FirebaseFirestore */; };
		CA984C122EB11CAC00582400 /* FirebaseFunctions in Frameworks */ = {isa = PBXBuildFile; productRef = CA984C112EB11CAC00582400 /* FirebaseFunctions */; };
		CAE1E7FB2EBA88EE00C751E0 /* SuperwallKit in Frameworks */ = {isa = PBXBuildFile; productRef = CAE1E7FA2EBA88EE00C751E0 /* SuperwallKit */; };
/* End PBXBuildFile section */

/* Begin PBXCopyFilesBuildPhase section */
		CA984C932EB1368800582400 /* Embed Foundation Extensions */ = {
			isa = PBXCopyFilesBuildPhase;
			buildActionMask = 2147483647;
			dstPath = "";
			dstSubfolderSpec = 13;
			files = (
			);
			name = "Embed Foundation Extensions";
			runOnlyForDeploymentPostprocessing = 0;
		};
/* End PBXCopyFilesBuildPhase section */

/* Begin PBXFileReference section */
		CA3395BE2EAFFCE8003BBE6E /* nurtra.app */ = {isa = PBXFileReference; explicitFileType = wrapper.application; includeInIndex = 0; path = nurtra.app; sourceTree = BUILT_PRODUCTS_DIR; };
		CA984C7A2EB1368700582400 /* WidgetKit.framework */ = {isa = PBXFileReference; lastKnownFileType = wrapper.framework; name = WidgetKit.framework; path = System/Library/Frameworks/WidgetKit.framework; sourceTree = SDKROOT; };
		CA984C7C2EB1368700582400 /* SwiftUI.framework */ = {isa = PBXFileReference; lastKnownFileType = wrapper.framework; name = SwiftUI.framework; path = System/Library/Frameworks/SwiftUI.framework; sourceTree = SDKROOT; };
/* End PBXFileReference section */

/* Begin PBXFileSystemSynchronizedBuildFileExceptionSet section */
		CA984C742EB1357F00582400 /* Exceptions for "nurtra" folder in "nurtra" target */ = {
			isa = PBXFileSystemSynchronizedBuildFileExceptionSet;
			membershipExceptions = (
				Info.plist,
			);
			target = CA3395BD2EAFFCE8003BBE6E /* nurtra */;
		};
/* End PBXFileSystemSynchronizedBuildFileExceptionSet section */

/* Begin PBXFileSystemSynchronizedRootGroup section */
		CA3395C02EAFFCE8003BBE6E /* nurtra */ = {
			isa = PBXFileSystemSynchronizedRootGroup;
			exceptions = (
				CA984C742EB1357F00582400 /* Exceptions for "nurtra" folder in "nurtra" target */,
			);
			path = nurtra;
			sourceTree = "<group>";
		};
		CA984C7E2EB1368700582400 /* nurtra_timer_widget */ = {
			isa = PBXFileSystemSynchronizedRootGroup;
			path = nurtra_timer_widget;
			sourceTree = "<group>";
		};
		CA984C9B2EB136F300582400 /* nurtra_timer_widget */ = {
			isa = PBXFileSystemSynchronizedRootGroup;
			path = nurtra_timer_widget;
			sourceTree = "<group>";
		};
/* End PBXFileSystemSynchronizedRootGroup section */

/* Begin PBXFrameworksBuildPhase section */
		CA3395BB2EAFFCE8003BBE6E /* Frameworks */ = {
			isa = PBXFrameworksBuildPhase;
			buildActionMask = 2147483647;
			files = (
				CA02C2302EB27E91008ECEE2 /* FirebaseMessaging in Frameworks */,
				CA984C042EB11A4600582400 /* GoogleSignIn in Frameworks */,
				CAE1E7FB2EBA88EE00C751E0 /* SuperwallKit in Frameworks */,
				CA984C122EB11CAC00582400 /* FirebaseFunctions in Frameworks */,
				CA984C0E2EB11CAC00582400 /* FirebaseCore in Frameworks */,
				CA984C062EB11A4600582400 /* GoogleSignInSwift in Frameworks */,
				CA984C0A2EB11CAC00582400 /* FirebaseAnalytics in Frameworks */,
				CA984C0C2EB11CAC00582400 /* FirebaseAuth in Frameworks */,
				CA984C102EB11CAC00582400 /* FirebaseFirestore in Frameworks */,
			);
			runOnlyForDeploymentPostprocessing = 0;
		};
/* End PBXFrameworksBuildPhase section */

/* Begin PBXGroup section */
		CA3395B52EAFFCE8003BBE6E = {
			isa = PBXGroup;
			children = (
				CA3395C02EAFFCE8003BBE6E /* nurtra */,
				CA984C7E2EB1368700582400 /* nurtra_timer_widget */,
				CA984C9B2EB136F300582400 /* nurtra_timer_widget */,
				CA984C082EB11CAC00582400 /* Frameworks */,
				CA3395BF2EAFFCE8003BBE6E /* Products */,
			);
			sourceTree = "<group>";
		};
		CA3395BF2EAFFCE8003BBE6E /* Products */ = {
			isa = PBXGroup;
			children = (
				CA3395BE2EAFFCE8003BBE6E /* nurtra.app */,
			);
			name = Products;
			sourceTree = "<group>";
		};
		CA984C082EB11CAC00582400 /* Frameworks */ = {
			isa = PBXGroup;
			children = (
				CA984C7A2EB1368700582400 /* WidgetKit.framework */,
				CA984C7C2EB1368700582400 /* SwiftUI.framework */,
			);
			name = Frameworks;
			sourceTree = "<group>";
		};
/* End PBXGroup section */

/* Begin PBXNativeTarget section */
		CA3395BD2EAFFCE8003BBE6E /* nurtra */ = {
			isa = PBXNativeTarget;
			buildConfigurationList = CA3395C92EAFFCE9003BBE6E /* Build configuration list for PBXNativeTarget "nurtra" */;
			buildPhases = (
				CA3395BA2EAFFCE8003BBE6E /* Sources */,
				CA3395BB2EAFFCE8003BBE6E /* Frameworks */,
				CA3395BC2EAFFCE8003BBE6E /* Resources */,
				CA984C932EB1368800582400 /* Embed Foundation Extensions */,
			);
			buildRules = (
			);
			dependencies = (
			);
			fileSystemSynchronizedGroups = (
				CA3395C02EAFFCE8003BBE6E /* nurtra */,
			);
			name = nurtra;
			packageProductDependencies = (
				CA984C032EB11A4600582400 /* GoogleSignIn */,
				CA984C052EB11A4600582400 /* GoogleSignInSwift */,
				CA984C092EB11CAC00582400 /* FirebaseAnalytics */,
				CA984C0B2EB11CAC00582400 /* FirebaseAuth */,
				CA984C0D2EB11CAC00582400 /* FirebaseCore */,
				CA984C0F2EB11CAC00582400 /* FirebaseFirestore */,
				CA984C112EB11CAC00582400 /* FirebaseFunctions */,
				CA02C22F2EB27E91008ECEE2 /* FirebaseMessaging */,
				CAE1E7FA2EBA88EE00C751E0 /* SuperwallKit */,
			);
			productName = "Nurtra V2";
			productReference = CA3395BE2EAFFCE8003BBE6E /* nurtra.app */;
			productType = "com.apple.product-type.application";
		};
/* End PBXNativeTarget section */

/* Begin PBXProject section */
		CA3395B62EAFFCE8003BBE6E /* Project object */ = {
			isa = PBXProject;
			attributes = {
				BuildIndependentTargetsInParallel = 1;
				LastSwiftUpdateCheck = 2600;
				LastUpgradeCheck = 2600;
				TargetAttributes = {
					CA3395BD2EAFFCE8003BBE6E = {
						CreatedOnToolsVersion = 26.0.1;
					};
				};
			};
			buildConfigurationList = CA3395B92EAFFCE8003BBE6E /* Build configuration list for PBXProject "nurtra" */;
			developmentRegion = en;
			hasScannedForEncodings = 0;
			knownRegions = (
				en,
				Base,
			);
			mainGroup = CA3395B52EAFFCE8003BBE6E;
			minimizedProjectReferenceProxies = 1;
			packageReferences = (
				CA984C022EB11A4600582400 /* XCRemoteSwiftPackageReference "GoogleSignIn-iOS" */,
				CA984C072EB11B2200582400 /* XCRemoteSwiftPackageReference "firebase-ios-sdk" */,
				CAE1E7F92EBA88EE00C751E0 /* XCRemoteSwiftPackageReference "Superwall-iOS" */,
			);
			preferredProjectObjectVersion = 77;
			productRefGroup = CA3395BF2EAFFCE8003BBE6E /* Products */;
			projectDirPath = "";
			projectRoot = "";
			targets = (
				CA3395BD2EAFFCE8003BBE6E /* nurtra */,
			);
		};
/* End PBXProject section */

/* Begin PBXResourcesBuildPhase section */
		CA3395BC2EAFFCE8003BBE6E /* Resources */ = {
			isa = PBXResourcesBuildPhase;
			buildActionMask = 2147483647;
			files = (
			);
			runOnlyForDeploymentPostprocessing = 0;
		};
/* End PBXResourcesBuildPhase section */

/* Begin PBXSourcesBuildPhase section */
		CA3395BA2EAFFCE8003BBE6E /* Sources */ = {
			isa = PBXSourcesBuildPhase;
			buildActionMask = 2147483647;
			files = (
			);
			runOnlyForDeploymentPostprocessing = 0;
		};
/* End PBXSourcesBuildPhase section */

/* Begin XCBuildConfiguration section */
		CA3395C72EAFFCE9003BBE6E /* Debug */ = {
			isa = XCBuildConfiguration;
			buildSettings = {
				ALWAYS_SEARCH_USER_PATHS = NO;
				ASSETCATALOG_COMPILER_GENERATE_SWIFT_ASSET_SYMBOL_EXTENSIONS = YES;
				CLANG_ANALYZER_NONNULL = YES;
				CLANG_ANALYZER_NUMBER_OBJECT_CONVERSION = YES_AGGRESSIVE;
				CLANG_CXX_LANGUAGE_STANDARD = "gnu++20";
				CLANG_ENABLE_MODULES = YES;
				CLANG_ENABLE_OBJC_ARC = YES;
				CLANG_ENABLE_OBJC_WEAK = YES;
				CLANG_WARN_BLOCK_CAPTURE_AUTORELEASING = YES;
				CLANG_WARN_BOOL_CONVERSION = YES;
				CLANG_WARN_COMMA = YES;
				CLANG_WARN_CONSTANT_CONVERSION = YES;
				CLANG_WARN_DEPRECATED_OBJC_IMPLEMENTATIONS = YES;
				CLANG_WARN_DIRECT_OBJC_ISA_USAGE = YES_ERROR;
				CLANG_WARN_DOCUMENTATION_COMMENTS = YES;
				CLANG_WARN_EMPTY_BODY = YES;
				CLANG_WARN_ENUM_CONVERSION = YES;
				CLANG_WARN_INFINITE_RECURSION = YES;
				CLANG_WARN_INT_CONVERSION = YES;
				CLANG_WARN_NON_LITERAL_NULL_CONVERSION = YES;
				CLANG_WARN_OBJC_IMPLICIT_RETAIN_SELF = YES;
				CLANG_WARN_OBJC_LITERAL_CONVERSION = YES;
				CLANG_WARN_OBJC_ROOT_CLASS = YES_ERROR;
				CLANG_WARN_QUOTED_INCLUDE_IN_FRAMEWORK_HEADER = YES;
				CLANG_WARN_RANGE_LOOP_ANALYSIS = YES;
				CLANG_WARN_STRICT_PROTOTYPES = YES;
				CLANG_WARN_SUSPICIOUS_MOVE = YES;
				CLANG_WARN_UNGUARDED_AVAILABILITY = YES_AGGRESSIVE;
				CLANG_WARN_UNREACHABLE_CODE = YES;
				CLANG_WARN__DUPLICATE_METHOD_MATCH = YES;
				COPY_PHASE_STRIP = NO;
				DEBUG_INFORMATION_FORMAT = dwarf;
				DEVELOPMENT_TEAM = 3DK6P74YHP;
				ENABLE_STRICT_OBJC_MSGSEND = YES;
				ENABLE_TESTABILITY = YES;
				ENABLE_USER_SCRIPT_SANDBOXING = YES;
				GCC_C_LANGUAGE_STANDARD = gnu17;
				GCC_DYNAMIC_NO_PIC = NO;
				GCC_NO_COMMON_BLOCKS = YES;
				GCC_OPTIMIZATION_LEVEL = 0;
				GCC_PREPROCESSOR_DEFINITIONS = (
					"DEBUG=1",
					"$(inherited)",
				);
				GCC_WARN_64_TO_32_BIT_CONVERSION = YES;
				GCC_WARN_ABOUT_RETURN_TYPE = YES_ERROR;
				GCC_WARN_UNDECLARED_SELECTOR = YES;
				GCC_WARN_UNINITIALIZED_AUTOS = YES_AGGRESSIVE;
				GCC_WARN_UNUSED_FUNCTION = YES;
				GCC_WARN_UNUSED_VARIABLE = YES;
				IPHONEOS_DEPLOYMENT_TARGET = 26.0;
				LOCALIZATION_PREFERS_STRING_CATALOGS = YES;
				MTL_ENABLE_DEBUG_INFO = INCLUDE_SOURCE;
				MTL_FAST_MATH = YES;
				ONLY_ACTIVE_ARCH = YES;
				SDKROOT = iphoneos;
				SWIFT_ACTIVE_COMPILATION_CONDITIONS = "DEBUG $(inherited)";
				SWIFT_OPTIMIZATION_LEVEL = "-Onone";
			};
			name = Debug;
		};
		CA3395C82EAFFCE9003BBE6E /* Release */ = {
			isa = XCBuildConfiguration;
			buildSettings = {
				ALWAYS_SEARCH_USER_PATHS = NO;
				ASSETCATALOG_COMPILER_GENERATE_SWIFT_ASSET_SYMBOL_EXTENSIONS = YES;
				CLANG_ANALYZER_NONNULL = YES;
				CLANG_ANALYZER_NUMBER_OBJECT_CONVERSION = YES_AGGRESSIVE;
				CLANG_CXX_LANGUAGE_STANDARD = "gnu++20";
				CLANG_ENABLE_MODULES = YES;
				CLANG_ENABLE_OBJC_ARC = YES;
				CLANG_ENABLE_OBJC_WEAK = YES;
				CLANG_WARN_BLOCK_CAPTURE_AUTORELEASING = YES;
				CLANG_WARN_BOOL_CONVERSION = YES;
				CLANG_WARN_COMMA = YES;
				CLANG_WARN_CONSTANT_CONVERSION = YES;
				CLANG_WARN_DEPRECATED_OBJC_IMPLEMENTATIONS = YES;
				CLANG_WARN_DIRECT_OBJC_ISA_USAGE = YES_ERROR;
				CLANG_WARN_DOCUMENTATION_COMMENTS = YES;
				CLANG_WARN_EMPTY_BODY = YES;
				CLANG_WARN_ENUM_CONVERSION = YES;
				CLANG_WARN_INFINITE_RECURSION = YES;
				CLANG_WARN_INT_CONVERSION = YES;
				CLANG_WARN_NON_LITERAL_NULL_CONVERSION = YES;
				CLANG_WARN_OBJC_IMPLICIT_RETAIN_SELF = YES;
				CLANG_WARN_OBJC_LITERAL_CONVERSION = YES;
				CLANG_WARN_OBJC_ROOT_CLASS = YES_ERROR;
				CLANG_WARN_QUOTED_INCLUDE_IN_FRAMEWORK_HEADER = YES;
				CLANG_WARN_RANGE_LOOP_ANALYSIS = YES;
				CLANG_WARN_STRICT_PROTOTYPES = YES;
				CLANG_WARN_SUSPICIOUS_MOVE = YES;
				CLANG_WARN_UNGUARDED_AVAILABILITY = YES_AGGRESSIVE;
				CLANG_WARN_UNREACHABLE_CODE = YES;
				CLANG_WARN__DUPLICATE_METHOD_MATCH = YES;
				COPY_PHASE_STRIP = NO;
				DEBUG_INFORMATION_FORMAT = "dwarf-with-dsym";
				DEVELOPMENT_TEAM = 3DK6P74YHP;
				ENABLE_NS_ASSERTIONS = NO;
				ENABLE_STRICT_OBJC_MSGSEND = YES;
				ENABLE_USER_SCRIPT_SANDBOXING = YES;
				GCC_C_LANGUAGE_STANDARD = gnu17;
				GCC_NO_COMMON_BLOCKS = YES;
				GCC_WARN_64_TO_32_BIT_CONVERSION = YES;
				GCC_WARN_ABOUT_RETURN_TYPE = YES_ERROR;
				GCC_WARN_UNDECLARED_SELECTOR = YES;
				GCC_WARN_UNINITIALIZED_AUTOS = YES_AGGRESSIVE;
				GCC_WARN_UNUSED_FUNCTION = YES;
				GCC_WARN_UNUSED_VARIABLE = YES;
				IPHONEOS_DEPLOYMENT_TARGET = 26.0;
				LOCALIZATION_PREFERS_STRING_CATALOGS = YES;
				MTL_ENABLE_DEBUG_INFO = NO;
				MTL_FAST_MATH = YES;
				SDKROOT = iphoneos;
				SWIFT_COMPILATION_MODE = wholemodule;
				VALIDATE_PRODUCT = YES;
			};
			name = Release;
		};
		CA3395CA2EAFFCE9003BBE6E /* Debug */ = {
			isa = XCBuildConfiguration;
			buildSettings = {
				ASSETCATALOG_COMPILER_APPICON_NAME = AppIcon;
				ASSETCATALOG_COMPILER_GLOBAL_ACCENT_COLOR_NAME = AccentColor;
				CODE_SIGN_ENTITLEMENTS = nurtra/nurtra.entitlements;
				CODE_SIGN_STYLE = Automatic;
				CURRENT_PROJECT_VERSION = 1;
				DEVELOPMENT_TEAM = 3DK6P74YHP;
				ENABLE_PREVIEWS = YES;
				GENERATE_INFOPLIST_FILE = YES;
				INFOPLIST_FILE = nurtra/Info.plist;
				INFOPLIST_KEY_CFBundleURLTypes = "{\n    CFBundleTypeRole = Editor;\n    CFBundleURLSchemes =     (\n        \"com.googleusercontent.apps.420916737489-jsnpodu2muqmvipgp0a62d5dub1ivu7a\"\n    );\n}";
				INFOPLIST_KEY_NSCameraUsageDescription = "Nurtra uses the camera to display a live camera preview as a visual background, helping you stay present and focused on your recovery journey.";
				INFOPLIST_KEY_NSFamilyControlsUsageDescription = "nurtra needs access to Screen Time to help you block distracting apps during your recovery.";
				INFOPLIST_KEY_UIApplicationSceneManifest_Generation = YES;
				INFOPLIST_KEY_UIApplicationSupportsIndirectInputEvents = YES;
				INFOPLIST_KEY_UILaunchScreen_Generation = YES;
				INFOPLIST_KEY_UIStatusBarHidden = YES;
				INFOPLIST_KEY_UISupportedInterfaceOrientations_iPad = "UIInterfaceOrientationPortrait UIInterfaceOrientationPortraitUpsideDown UIInterfaceOrientationLandscapeLeft UIInterfaceOrientationLandscapeRight";
				INFOPLIST_KEY_UISupportedInterfaceOrientations_iPhone = "UIInterfaceOrientationPortrait UIInterfaceOrientationLandscapeLeft UIInterfaceOrientationLandscapeRight";
				IPHONEOS_DEPLOYMENT_TARGET = 16.6;
				LD_RUNPATH_SEARCH_PATHS = (
					"$(inherited)",
					"@executable_path/Frameworks",
				);
				MARKETING_VERSION = 2.1;
				PRODUCT_BUNDLE_IDENTIFIER = com.psycholabs.bedApp;
				PRODUCT_NAME = "$(TARGET_NAME)";
				STRING_CATALOG_GENERATE_SYMBOLS = YES;
				SWIFT_APPROACHABLE_CONCURRENCY = YES;
				SWIFT_DEFAULT_ACTOR_ISOLATION = MainActor;
				SWIFT_EMIT_LOC_STRINGS = YES;
				SWIFT_UPCOMING_FEATURE_MEMBER_IMPORT_VISIBILITY = YES;
				SWIFT_VERSION = 5.0;
				TARGETED_DEVICE_FAMILY = "1,2";
			};
			name = Debug;
		};
		CA3395CB2EAFFCE9003BBE6E /* Release */ = {
			isa = XCBuildConfiguration;
			buildSettings = {
				ASSETCATALOG_COMPILER_APPICON_NAME = AppIcon;
				ASSETCATALOG_COMPILER_GLOBAL_ACCENT_COLOR_NAME = AccentColor;
				CODE_SIGN_ENTITLEMENTS = nurtra/nurtra.entitlements;
				CODE_SIGN_STYLE = Automatic;
				CURRENT_PROJECT_VERSION = 1;
				DEVELOPMENT_TEAM = 3DK6P74YHP;
				ENABLE_PREVIEWS = YES;
				GENERATE_INFOPLIST_FILE = YES;
				INFOPLIST_FILE = nurtra/Info.plist;
				INFOPLIST_KEY_CFBundleURLTypes = "{\n    CFBundleTypeRole = Editor;\n    CFBundleURLSchemes =     (\n        \"com.googleusercontent.apps.420916737489-jsnpodu2muqmvipgp0a62d5dub1ivu7a\"\n    );\n}";
				INFOPLIST_KEY_NSCameraUsageDescription = "Nurtra uses the camera to display a live camera preview as a visual background during your recovery sessions. For example, when you open the craving view to track your binge-free time, the camera provides a real-time view that helps you stay present and focused on your recovery journey.";
				INFOPLIST_KEY_NSFamilyControlsUsageDescription = "nurtra needs access to Screen Time to help you block distracting apps during your recovery.";
				INFOPLIST_KEY_UIApplicationSceneManifest_Generation = YES;
				INFOPLIST_KEY_UIApplicationSupportsIndirectInputEvents = YES;
				INFOPLIST_KEY_UILaunchScreen_Generation = YES;
				INFOPLIST_KEY_UIStatusBarHidden = YES;
				INFOPLIST_KEY_UISupportedInterfaceOrientations_iPad = "UIInterfaceOrientationPortrait UIInterfaceOrientationPortraitUpsideDown UIInterfaceOrientationLandscapeLeft UIInterfaceOrientationLandscapeRight";
				INFOPLIST_KEY_UISupportedInterfaceOrientations_iPhone = "UIInterfaceOrientationPortrait UIInterfaceOrientationLandscapeLeft UIInterfaceOrientationLandscapeRight";
				IPHONEOS_DEPLOYMENT_TARGET = 16.6;
				LD_RUNPATH_SEARCH_PATHS = (
					"$(inherited)",
					"@executable_path/Frameworks",
				);
				MARKETING_VERSION = 2.1;
				PRODUCT_BUNDLE_IDENTIFIER = com.psycholabs.bedApp;
				PRODUCT_NAME = "$(TARGET_NAME)";
				STRING_CATALOG_GENERATE_SYMBOLS = YES;
				SWIFT_APPROACHABLE_CONCURRENCY = YES;
				SWIFT_DEFAULT_ACTOR_ISOLATION = MainActor;
				SWIFT_EMIT_LOC_STRINGS = YES;
				SWIFT_UPCOMING_FEATURE_MEMBER_IMPORT_VISIBILITY = YES;
				SWIFT_VERSION = 5.0;
				TARGETED_DEVICE_FAMILY = "1,2";
			};
			name = Release;
		};
/* End XCBuildConfiguration section */

/* Begin XCConfigurationList section */
		CA3395B92EAFFCE8003BBE6E /* Build configuration list for PBXProject "nurtra" */ = {
			isa = XCConfigurationList;
			buildConfigurations = (
				CA3395C72EAFFCE9003BBE6E /* Debug */,
				CA3395C82EAFFCE9003BBE6E /* Release */,
			);
			defaultConfigurationIsVisible = 0;
			defaultConfigurationName = Release;
		};
		CA3395C92EAFFCE9003BBE6E /* Build configuration list for PBXNativeTarget "nurtra" */ = {
			isa = XCConfigurationList;
			buildConfigurations = (
				CA3395CA2EAFFCE9003BBE6E /* Debug */,
				CA3395CB2EAFFCE9003BBE6E /* Release */,
			);
			defaultConfigurationIsVisible = 0;
			defaultConfigurationName = Release;
		};
/* End XCConfigurationList section */

/* Begin XCRemoteSwiftPackageReference section */
		CA984C022EB11A4600582400 /* XCRemoteSwiftPackageReference "GoogleSignIn-iOS" */ = {
			isa = XCRemoteSwiftPackageReference;
			repositoryURL = "https://github.com/google/GoogleSignIn-iOS";
			requirement = {
				kind = upToNextMajorVersion;
				minimumVersion = 9.0.0;
			};
		};
		CA984C072EB11B2200582400 /* XCRemoteSwiftPackageReference "firebase-ios-sdk" */ = {
			isa = XCRemoteSwiftPackageReference;
			repositoryURL = "https://github.com/firebase/firebase-ios-sdk";
			requirement = {
				kind = upToNextMajorVersion;
				minimumVersion = 12.4.0;
			};
		};
		CAE1E7F92EBA88EE00C751E0 /* XCRemoteSwiftPackageReference "Superwall-iOS" */ = {
			isa = XCRemoteSwiftPackageReference;
			repositoryURL = "https://github.com/superwall/Superwall-iOS";
			requirement = {
				kind = upToNextMajorVersion;
				minimumVersion = 4.9.3;
			};
		};
/* End XCRemoteSwiftPackageReference section */

/* Begin XCSwiftPackageProductDependency section */
		CA02C22F2EB27E91008ECEE2 /* FirebaseMessaging */ = {
			isa = XCSwiftPackageProductDependency;
			package = CA984C072EB11B2200582400 /* XCRemoteSwiftPackageReference "firebase-ios-sdk" */;
			productName = FirebaseMessaging;
		};
		CA984C032EB11A4600582400 /* GoogleSignIn */ = {
			isa = XCSwiftPackageProductDependency;
			package = CA984C022EB11A4600582400 /* XCRemoteSwiftPackageReference "GoogleSignIn-iOS" */;
			productName = GoogleSignIn;
		};
		CA984C052EB11A4600582400 /* GoogleSignInSwift */ = {
			isa = XCSwiftPackageProductDependency;
			package = CA984C022EB11A4600582400 /* XCRemoteSwiftPackageReference "GoogleSignIn-iOS" */;
			productName = GoogleSignInSwift;
		};
		CA984C092EB11CAC00582400 /* FirebaseAnalytics */ = {
			isa = XCSwiftPackageProductDependency;
			package = CA984C072EB11B2200582400 /* XCRemoteSwiftPackageReference "firebase-ios-sdk" */;
			productName = FirebaseAnalytics;
		};
		CA984C0B2EB11CAC00582400 /* FirebaseAuth */ = {
			isa = XCSwiftPackageProductDependency;
			package = CA984C072EB11B2200582400 /* XCRemoteSwiftPackageReference "firebase-ios-sdk" */;
			productName = FirebaseAuth;
		};
		CA984C0D2EB11CAC00582400 /* FirebaseCore */ = {
			isa = XCSwiftPackageProductDependency;
			package = CA984C072EB11B2200582400 /* XCRemoteSwiftPackageReference "firebase-ios-sdk" */;
			productName = FirebaseCore;
		};
		CA984C0F2EB11CAC00582400 /* FirebaseFirestore */ = {
			isa = XCSwiftPackageProductDependency;
			package = CA984C072EB11B2200582400 /* XCRemoteSwiftPackageReference "firebase-ios-sdk" */;
			productName = FirebaseFirestore;
		};
		CA984C112EB11CAC00582400 /* FirebaseFunctions */ = {
			isa = XCSwiftPackageProductDependency;
			package = CA984C072EB11B2200582400 /* XCRemoteSwiftPackageReference "firebase-ios-sdk" */;
			productName = FirebaseFunctions;
		};
		CAE1E7FA2EBA88EE00C751E0 /* SuperwallKit */ = {
			isa = XCSwiftPackageProductDependency;
			package = CAE1E7F92EBA88EE00C751E0 /* XCRemoteSwiftPackageReference "Superwall-iOS" */;
			productName = SuperwallKit;
		};
/* End XCSwiftPackageProductDependency section */
	};
	rootObject = CA3395B62EAFFCE8003BBE6E /* Project object */;
}
